
Microsoft Visual Studio Solution File, Format Version 12.00
# Visual Studio Version 16
VisualStudioVersion = 16.0.29519.87
MinimumVisualStudioVersion = 10.0.40219.1
Project("{2150E333-8FDC-42A3-9474-1A3956D46DE8}") = "1.简单模式", "1.简单模式", "{B595BABC-F531-441B-BEAD-37579E2C2AB8}"
EndProject
Project("{9A19103F-16F7-4668-BE54-9A1E7A4F7556}") = "SimpleClient", "SmpleClient\SimpleClient.csproj", "{1805B27F-B4D3-43D4-8AC6-DD96880F38C5}"
EndProject
Project("{9A19103F-16F7-4668-BE54-9A1E7A4F7556}") = "SimpleServer", "SimpleServer\SimpleServer.csproj", "{31351803-2527-4665-9AC9-E5DFBC31BDE4}"
EndProject
Project("{2150E333-8FDC-42A3-9474-1A3956D46DE8}") = "2.工作队列模式", "2.工作队列模式", "{D8F84881-7A87-4139-880D-30602B82BB23}"
EndProject
Project("{9A19103F-16F7-4668-BE54-9A1E7A4F7556}") = "WorkQueueServer", "WorkQueueServer\WorkQueueServer.csproj", "{D6E758DE-8B80-4C9F-8582-ADDBFB8F5696}"
EndProject
Project("{9A19103F-16F7-4668-BE54-9A1E7A4F7556}") = "WorkQueueClient1", "WorkQueueClient1\WorkQueueClient1.csproj", "{8C966D5A-01E4-4EEE-8627-96F6BC0CA7B7}"
EndProject
Project("{9A19103F-16F7-4668-BE54-9A1E7A4F7556}") = "WorkQueueClient2", "WorkQueueClient2\WorkQueueClient2.csproj", "{D51B35E1-3F51-4899-8792-8CEFEA9FE42E}"
EndProject
Project("{2150E333-8FDC-42A3-9474-1A3956D46DE8}") = "3.发布订阅模式", "3.发布订阅模式", "{F82F9FBD-5868-4BC2-B5BF-0EEBB4FE87BF}"
EndProject
Project("{9A19103F-16F7-4668-BE54-9A1E7A4F7556}") = "FanoutServer", "FanoutServer\FanoutServer.csproj", "{BE4767F8-EFE1-4552-B94D-DD8AA0FD5D1A}"
EndProject
Project("{9A19103F-16F7-4668-BE54-9A1E7A4F7556}") = "FantoutClient", "FantoutClient\FantoutClient.csproj", "{659EBD35-13CC-493A-AD9E-F81302C005B3}"
EndProject
Project("{9A19103F-16F7-4668-BE54-9A1E7A4F7556}") = "DirectClient", "DirectClient\DirectClient.csproj", "{E402F7AC-3DBD-43E3-9E0E-FA993F23B4BB}"
EndProject
Project("{2150E333-8FDC-42A3-9474-1A3956D46DE8}") = "4.路由模式", "4.路由模式", "{4E145E92-5273-44CB-AA0A-86C34DB56C45}"
EndProject
Project("{9A19103F-16F7-4668-BE54-9A1E7A4F7556}") = "DirectClient1", "DirectClient1\DirectClient1.csproj", "{A7FF8CBD-DCCB-4E6C-97B2-4428A98C8EB7}"
EndProject
Project("{9A19103F-16F7-4668-BE54-9A1E7A4F7556}") = "DirectServer", "DirectServer\DirectServer.csproj", "{3EAB7752-D004-43E4-8BAD-89D0E6F99FA5}"
EndProject
Project("{2150E333-8FDC-42A3-9474-1A3956D46DE8}") = "5.主题模式", "5.主题模式", "{F625B8CD-A25D-4A09-9826-67A9D6A92900}"
EndProject
Project("{9A19103F-16F7-4668-BE54-9A1E7A4F7556}") = "TopicServer", "TopicServer\TopicServer.csproj", "{FDEC5261-9D75-4E57-9314-6F2180F5F192}"
EndProject
Project("{9A19103F-16F7-4668-BE54-9A1E7A4F7556}") = "TopicClient", "TopicClient\TopicClient.csproj", "{40AF3A7B-F6DA-49AB-A6F5-B65C2A7C117A}"
EndProject
Project("{9A19103F-16F7-4668-BE54-9A1E7A4F7556}") = "TopicClient1", "TopicClient1\TopicClient1.csproj", "{BF4FB076-AF79-4C85-80AF-1CF0C9DC96F6}"
EndProject
Project("{FAE04EC0-301F-11D3-BF4B-00C04F79EFBC}") = "MessagePriority", "MessagePriority\MessagePriority.csproj", "{0FCCBDBC-10E6-470B-9236-D0DE28AAE58A}"
EndProject
Global
	GlobalSection(SolutionConfigurationPlatforms) = preSolution
		Debug|Any CPU = Debug|Any CPU
		Release|Any CPU = Release|Any CPU
	EndGlobalSection
	GlobalSection(ProjectConfigurationPlatforms) = postSolution
		{1805B27F-B4D3-43D4-8AC6-DD96880F38C5}.Debug|Any CPU.ActiveCfg = Debug|Any CPU
		{1805B27F-B4D3-43D4-8AC6-DD96880F38C5}.Debug|Any CPU.Build.0 = Debug|Any CPU
		{1805B27F-B4D3-43D4-8AC6-DD96880F38C5}.Release|Any CPU.ActiveCfg = Release|Any CPU
		{1805B27F-B4D3-43D4-8AC6-DD96880F38C5}.Release|Any CPU.Build.0 = Release|Any CPU
		{31351803-2527-4665-9AC9-E5DFBC31BDE4}.Debug|Any CPU.ActiveCfg = Debug|Any CPU
		{31351803-2527-4665-9AC9-E5DFBC31BDE4}.Debug|Any CPU.Build.0 = Debug|Any CPU
		{31351803-2527-4665-9AC9-E5DFBC31BDE4}.Release|Any CPU.ActiveCfg = Release|Any CPU
		{31351803-2527-4665-9AC9-E5DFBC31BDE4}.Release|Any CPU.Build.0 = Release|Any CPU
		{D6E758DE-8B80-4C9F-8582-ADDBFB8F5696}.Debug|Any CPU.ActiveCfg = Debug|Any CPU
		{D6E758DE-8B80-4C9F-8582-ADDBFB8F5696}.Debug|Any CPU.Build.0 = Debug|Any CPU
		{D6E758DE-8B80-4C9F-8582-ADDBFB8F5696}.Release|Any CPU.ActiveCfg = Release|Any CPU
		{D6E758DE-8B80-4C9F-8582-ADDBFB8F5696}.Release|Any CPU.Build.0 = Release|Any CPU
		{8C966D5A-01E4-4EEE-8627-96F6BC0CA7B7}.Debug|Any CPU.ActiveCfg = Debug|Any CPU
		{8C966D5A-01E4-4EEE-8627-96F6BC0CA7B7}.Debug|Any CPU.Build.0 = Debug|Any CPU
		{8C966D5A-01E4-4EEE-8627-96F6BC0CA7B7}.Release|Any CPU.ActiveCfg = Release|Any CPU
		{8C966D5A-01E4-4EEE-8627-96F6BC0CA7B7}.Release|Any CPU.Build.0 = Release|Any CPU
		{D51B35E1-3F51-4899-8792-8CEFEA9FE42E}.Debug|Any CPU.ActiveCfg = Debug|Any CPU
		{D51B35E1-3F51-4899-8792-8CEFEA9FE42E}.Debug|Any CPU.Build.0 = Debug|Any CPU
		{D51B35E1-3F51-4899-8792-8CEFEA9FE42E}.Release|Any CPU.ActiveCfg = Release|Any CPU
		{D51B35E1-3F51-4899-8792-8CEFEA9FE42E}.Release|Any CPU.Build.0 = Release|Any CPU
		{BE4767F8-EFE1-4552-B94D-DD8AA0FD5D1A}.Debug|Any CPU.ActiveCfg = Debug|Any CPU
		{BE4767F8-EFE1-4552-B94D-DD8AA0FD5D1A}.Debug|Any CPU.Build.0 = Debug|Any CPU
		{BE4767F8-EFE1-4552-B94D-DD8AA0FD5D1A}.Release|Any CPU.ActiveCfg = Release|Any CPU
		{BE4767F8-EFE1-4552-B94D-DD8AA0FD5D1A}.Release|Any CPU.Build.0 = Release|Any CPU
		{659EBD35-13CC-493A-AD9E-F81302C005B3}.Debug|Any CPU.ActiveCfg = Debug|Any CPU
		{659EBD35-13CC-493A-AD9E-F81302C005B3}.Debug|Any CPU.Build.0 = Debug|Any CPU
		{659EBD35-13CC-493A-AD9E-F81302C005B3}.Release|Any CPU.ActiveCfg = Release|Any CPU
		{659EBD35-13CC-493A-AD9E-F81302C005B3}.Release|Any CPU.Build.0 = Release|Any CPU
		{E402F7AC-3DBD-43E3-9E0E-FA993F23B4BB}.Debug|Any CPU.ActiveCfg = Debug|Any CPU
		{E402F7AC-3DBD-43E3-9E0E-FA993F23B4BB}.Debug|Any CPU.Build.0 = Debug|Any CPU
		{E402F7AC-3DBD-43E3-9E0E-FA993F23B4BB}.Release|Any CPU.ActiveCfg = Release|Any CPU
		{E402F7AC-3DBD-43E3-9E0E-FA993F23B4BB}.Release|Any CPU.Build.0 = Release|Any CPU
		{A7FF8CBD-DCCB-4E6C-97B2-4428A98C8EB7}.Debug|Any CPU.ActiveCfg = Debug|Any CPU
		{A7FF8CBD-DCCB-4E6C-97B2-4428A98C8EB7}.Debug|Any CPU.Build.0 = Debug|Any CPU
		{A7FF8CBD-DCCB-4E6C-97B2-4428A98C8EB7}.Release|Any CPU.ActiveCfg = Release|Any CPU
		{A7FF8CBD-DCCB-4E6C-97B2-4428A98C8EB7}.Release|Any CPU.Build.0 = Release|Any CPU
		{3EAB7752-D004-43E4-8BAD-89D0E6F99FA5}.Debug|Any CPU.ActiveCfg = Debug|Any CPU
		{3EAB7752-D004-43E4-8BAD-89D0E6F99FA5}.Debug|Any CPU.Build.0 = Debug|Any CPU
		{3EAB7752-D004-43E4-8BAD-89D0E6F99FA5}.Release|Any CPU.ActiveCfg = Release|Any CPU
		{3EAB7752-D004-43E4-8BAD-89D0E6F99FA5}.Release|Any CPU.Build.0 = Release|Any CPU
		{FDEC5261-9D75-4E57-9314-6F2180F5F192}.Debug|Any CPU.ActiveCfg = Debug|Any CPU
		{FDEC5261-9D75-4E57-9314-6F2180F5F192}.Debug|Any CPU.Build.0 = Debug|Any CPU
		{FDEC5261-9D75-4E57-9314-6F2180F5F192}.Release|Any CPU.ActiveCfg = Release|Any CPU
		{FDEC5261-9D75-4E57-9314-6F2180F5F192}.Release|Any CPU.Build.0 = Release|Any CPU
		{40AF3A7B-F6DA-49AB-A6F5-B65C2A7C117A}.Debug|Any CPU.ActiveCfg = Debug|Any CPU
		{40AF3A7B-F6DA-49AB-A6F5-B65C2A7C117A}.Debug|Any CPU.Build.0 = Debug|Any CPU
		{40AF3A7B-F6DA-49AB-A6F5-B65C2A7C117A}.Release|Any CPU.ActiveCfg = Release|Any CPU
		{40AF3A7B-F6DA-49AB-A6F5-B65C2A7C117A}.Release|Any CPU.Build.0 = Release|Any CPU
		{BF4FB076-AF79-4C85-80AF-1CF0C9DC96F6}.Debug|Any CPU.ActiveCfg = Debug|Any CPU
		{BF4FB076-AF79-4C85-80AF-1CF0C9DC96F6}.Debug|Any CPU.Build.0 = Debug|Any CPU
		{BF4FB076-AF79-4C85-80AF-1CF0C9DC96F6}.Release|Any CPU.ActiveCfg = Release|Any CPU
		{BF4FB076-AF79-4C85-80AF-1CF0C9DC96F6}.Release|Any CPU.Build.0 = Release|Any CPU
		{0FCCBDBC-10E6-470B-9236-D0DE28AAE58A}.Debug|Any CPU.ActiveCfg = Debug|Any CPU
		{0FCCBDBC-10E6-470B-9236-D0DE28AAE58A}.Debug|Any CPU.Build.0 = Debug|Any CPU
		{0FCCBDBC-10E6-470B-9236-D0DE28AAE58A}.Release|Any CPU.ActiveCfg = Release|Any CPU
		{0FCCBDBC-10E6-470B-9236-D0DE28AAE58A}.Release|Any CPU.Build.0 = Release|Any CPU
	EndGlobalSection
	GlobalSection(SolutionProperties) = preSolution
		HideSolutionNode = FALSE
	EndGlobalSection
	GlobalSection(NestedProjects) = preSolution
		{1805B27F-B4D3-43D4-8AC6-DD96880F38C5} = {B595BABC-F531-441B-BEAD-37579E2C2AB8}
		{31351803-2527-4665-9AC9-E5DFBC31BDE4} = {B595BABC-F531-441B-BEAD-37579E2C2AB8}
		{D6E758DE-8B80-4C9F-8582-ADDBFB8F5696} = {D8F84881-7A87-4139-880D-30602B82BB23}
		{8C966D5A-01E4-4EEE-8627-96F6BC0CA7B7} = {D8F84881-7A87-4139-880D-30602B82BB23}
		{D51B35E1-3F51-4899-8792-8CEFEA9FE42E} = {D8F84881-7A87-4139-880D-30602B82BB23}
		{BE4767F8-EFE1-4552-B94D-DD8AA0FD5D1A} = {F82F9FBD-5868-4BC2-B5BF-0EEBB4FE87BF}
		{659EBD35-13CC-493A-AD9E-F81302C005B3} = {F82F9FBD-5868-4BC2-B5BF-0EEBB4FE87BF}
		{E402F7AC-3DBD-43E3-9E0E-FA993F23B4BB} = {4E145E92-5273-44CB-AA0A-86C34DB56C45}
		{A7FF8CBD-DCCB-4E6C-97B2-4428A98C8EB7} = {4E145E92-5273-44CB-AA0A-86C34DB56C45}
		{3EAB7752-D004-43E4-8BAD-89D0E6F99FA5} = {4E145E92-5273-44CB-AA0A-86C34DB56C45}
		{FDEC5261-9D75-4E57-9314-6F2180F5F192} = {F625B8CD-A25D-4A09-9826-67A9D6A92900}
		{40AF3A7B-F6DA-49AB-A6F5-B65C2A7C117A} = {F625B8CD-A25D-4A09-9826-67A9D6A92900}
		{BF4FB076-AF79-4C85-80AF-1CF0C9DC96F6} = {F625B8CD-A25D-4A09-9826-67A9D6A92900}
		{0FCCBDBC-10E6-470B-9236-D0DE28AAE58A} = {F82F9FBD-5868-4BC2-B5BF-0EEBB4FE87BF}
	EndGlobalSection
	GlobalSection(ExtensibilityGlobals) = postSolution
		SolutionGuid = {3B036B2F-B11A-4C69-A08E-B2D92C6CF41F}
	EndGlobalSection
EndGlobal
